<?xml version="1.0" encoding="utf-8"?>
<Project ToolsVersion="4.0" xmlns="http://schemas.microsoft.com/developer/msbuild/2003">
  <ItemGroup>
    <Filter Include="Source Files">
      <UniqueIdentifier>{4FC737F1-C7A5-4376-A066-2A32D752A2FF}</UniqueIdentifier>
      <Extensions>cpp;c;cc;cxx;def;odl;idl;hpj;bat;asm;asmx</Extensions>
    </Filter>
  </ItemGroup>
  <ItemGroup>
    <ClCompile Include="main.cpp">
      <Filter>Source Files</Filter>
    </ClCompile>
    <ClCompile Include="..\..\solar\bulkbuild\_bulkbuild_solar_win32_cli_engine.cpp">
      <Filter>Source Files</Filter>
    </ClCompile>
    <ClCompile Include="fbx_converter.cpp">
      <Filter>Source Files</Filter>
    </ClCompile>
    <ClCompile Include="fbx_enum_helpers.cpp">
      <Filter>Source Files</Filter>
    </ClCompile>
    <ClCompile Include="..\..\solar\bulkbuild\_bulkbuild_solar_rendering.cpp">
      <Filter>Source Files</Filter>
    </ClCompile>
    <ClCompile Include="..\..\solar\bulkbuild\_bulkbuild_solar_resources.cpp">
      <Filter>Source Files</Filter>
    </ClCompile>
    <ClCompile Include="..\..\solar\bulkbuild\_bulkbuild_solar_core.cpp">
      <Filter>Source Files</Filter>
    </ClCompile>
    <ClCompile Include="..\..\solar\bulkbuild\_bulkbuild_solar_win32.cpp">
      <Filter>Source Files</Filter>
    </ClCompile>
  </ItemGroup>
  <ItemGroup>
    <Text Include="readme.md" />
  </ItemGroup>
  <ItemGroup>
    <ClInclude Include="fbx_converter.h">
      <Filter>Source Files</Filter>
    </ClInclude>
    <ClInclude Include="fbx_enum_helpers.h">
      <Filter>Source Files</Filter>
    </ClInclude>
    <ClInclude Include="fbx_polygon_vertex_data.h">
      <Filter>Source Files</Filter>
    </ClInclude>
    <ClInclude Include="fbx_converter_mesh_data.h">
      <Filter>Source Files</Filter>
    </ClInclude>
  </ItemGroup>
</Project>